PODS:
  - MaterialTapTargetPrompt-iOS (1.0.4)

DEPENDENCIES:
  - MaterialTapTargetPrompt-iOS (from `../`)

EXTERNAL SOURCES:
  MaterialTapTargetPrompt-iOS:
    :path: "../"

SPEC CHECKSUMS:
  MaterialTapTargetPrompt-iOS: 06a1234b36c6e229994cd6e470f5e8882f465ecb

PODFILE CHECKSUM: e06770ebb1264f55a7ca62d80ad2cf1b22859410

COCOAPODS: 1.6.1
