PODS:
  - MaterialTapTargetPrompt-iOS (1.0.0)

DEPENDENCIES:
  - MaterialTapTargetPrompt-iOS (from `../`)

EXTERNAL SOURCES:
  MaterialTapTargetPrompt-iOS:
    :path: "../"

SPEC CHECKSUMS:
  MaterialTapTargetPrompt-iOS: fa6359772ff8a6efb9064071c5d943800be4e823

PODFILE CHECKSUM: e06770ebb1264f55a7ca62d80ad2cf1b22859410

COCOAPODS: 1.5.3
