PODS:
  - MaterialTapTargetPrompt-iOS (0.1.0)

DEPENDENCIES:
  - MaterialTapTargetPrompt-iOS (from `../`)

EXTERNAL SOURCES:
  MaterialTapTargetPrompt-iOS:
    :path: "../"

SPEC CHECKSUMS:
  MaterialTapTargetPrompt-iOS: 2624148e186b651661ac9bcc2ea655f1eee83567

PODFILE CHECKSUM: e06770ebb1264f55a7ca62d80ad2cf1b22859410

COCOAPODS: 1.5.3
